
Microsoft Visual Studio Solution File, Format Version 12.00
# Visual Studio Version 17
VisualStudioVersion = 17.4.33205.214
MinimumVisualStudioVersion = 10.0.40219.1
Project("{FAE04EC0-301F-11D3-BF4B-00C04F79EFBC}") = "ConsoleMatkonet15June23Solution", "ConsoleMatkonet15June23Solution.csproj", "{665F48E4-0320-4091-87A4-85CF46B59481}"
EndProject
Global
	GlobalSection(SolutionConfigurationPlatforms) = preSolution
		Debug|Any CPU = Debug|Any CPU
		Release|Any CPU = Release|Any CPU
	EndGlobalSection
	GlobalSection(ProjectConfigurationPlatforms) = postSolution
		{665F48E4-0320-4091-87A4-85CF46B59481}.Debug|Any CPU.ActiveCfg = Debug|Any CPU
		{665F48E4-0320-4091-87A4-85CF46B59481}.Debug|Any CPU.Build.0 = Debug|Any CPU
		{665F48E4-0320-4091-87A4-85CF46B59481}.Release|Any CPU.ActiveCfg = Release|Any CPU
		{665F48E4-0320-4091-87A4-85CF46B59481}.Release|Any CPU.Build.0 = Release|Any CPU
	EndGlobalSection
	GlobalSection(SolutionProperties) = preSolution
		HideSolutionNode = FALSE
	EndGlobalSection
	GlobalSection(ExtensibilityGlobals) = postSolution
		SolutionGuid = {C1DA9E14-6FF5-4BB0-909D-FE005154A3B9}
	EndGlobalSection
EndGlobal
